// !$*UTF8*$!
{
	archiveVersion = 1;
	classes = {
	};
	objectVersion = 50;
	objects = {

/* Begin PBXBuildFile section */
		922EBFE120E3478900682985 /* CatAlertController.framework in Frameworks */ = {isa = PBXBuildFile; fileRef = 922EBFE020E3478300682985 /* CatAlertController.framework */; };
		922EBFE220E3478900682985 /* CatAlertController.framework in Embed Frameworks */ = {isa = PBXBuildFile; fileRef = 922EBFE020E3478300682985 /* CatAlertController.framework */; settings = {ATTRIBUTES = (CodeSignOnCopy, RemoveHeadersOnCopy, ); }; };
		92C11EA020E23D8900BEA8EA /* AppDelegate.swift in Sources */ = {isa = PBXBuildFile; fileRef = 92C11E9F20E23D8900BEA8EA /* AppDelegate.swift */; };
		92C11EA220E23D8900BEA8EA /* ViewController.swift in Sources */ = {isa = PBXBuildFile; fileRef = 92C11EA120E23D8900BEA8EA /* ViewController.swift */; };
		92C11EA520E23D8900BEA8EA /* Main.storyboard in Resources */ = {isa = PBXBuildFile; fileRef = 92C11EA320E23D8900BEA8EA /* Main.storyboard */; };
		92C11EA720E23D8C00BEA8EA /* Assets.xcassets in Resources */ = {isa = PBXBuildFile; fileRef = 92C11EA620E23D8C00BEA8EA /* Assets.xcassets */; };
		92C11EAA20E23D8C00BEA8EA /* LaunchScreen.storyboard in Resources */ = {isa = PBXBuildFile; fileRef = 92C11EA820E23D8C00BEA8EA /* LaunchScreen.storyboard */; };
		92C11EC020E23D8C00BEA8EA /* AlertControllerUITests.swift in Sources */ = {isa = PBXBuildFile; fileRef = 92C11EBF20E23D8C00BEA8EA /* AlertControllerUITests.swift */; };
/* End PBXBuildFile section */

/* Begin PBXContainerItemProxy section */
		92C11EBC20E23D8C00BEA8EA /* PBXContainerItemProxy */ = {
			isa = PBXContainerItemProxy;
			containerPortal = 92C11E9420E23D8900BEA8EA /* Project object */;
			proxyType = 1;
			remoteGlobalIDString = 92C11E9B20E23D8900BEA8EA;
			remoteInfo = AlertController;
		};
/* End PBXContainerItemProxy section */

/* Begin PBXCopyFilesBuildPhase section */
		92C11F0A20E246AB00BEA8EA /* Embed Frameworks */ = {
			isa = PBXCopyFilesBuildPhase;
			buildActionMask = 2147483647;
			dstPath = "";
			dstSubfolderSpec = 10;
			files = (
				922EBFE220E3478900682985 /* CatAlertController.framework in Embed Frameworks */,
			);
			name = "Embed Frameworks";
			runOnlyForDeploymentPostprocessing = 0;
		};
/* End PBXCopyFilesBuildPhase section */

/* Begin PBXFileReference section */
		922EBFE020E3478300682985 /* CatAlertController.framework */ = {isa = PBXFileReference; lastKnownFileType = wrapper.framework; name = CatAlertController.framework; path = "../../../../Library/Developer/Xcode/DerivedData/CatAlertController-gjstxvqrphtskngvpupwtfwnykgs/Build/Products/Debug-iphoneos/CatAlertController.framework"; sourceTree = "<group>"; };
		92C11E9C20E23D8900BEA8EA /* Example.app */ = {isa = PBXFileReference; explicitFileType = wrapper.application; includeInIndex = 0; path = Example.app; sourceTree = BUILT_PRODUCTS_DIR; };
		92C11E9F20E23D8900BEA8EA /* AppDelegate.swift */ = {isa = PBXFileReference; lastKnownFileType = sourcecode.swift; path = AppDelegate.swift; sourceTree = "<group>"; };
		92C11EA120E23D8900BEA8EA /* ViewController.swift */ = {isa = PBXFileReference; lastKnownFileType = sourcecode.swift; path = ViewController.swift; sourceTree = "<group>"; };
		92C11EA420E23D8900BEA8EA /* Base */ = {isa = PBXFileReference; lastKnownFileType = file.storyboard; name = Base; path = Base.lproj/Main.storyboard; sourceTree = "<group>"; };
		92C11EA620E23D8C00BEA8EA /* Assets.xcassets */ = {isa = PBXFileReference; lastKnownFileType = folder.assetcatalog; path = Assets.xcassets; sourceTree = "<group>"; };
		92C11EA920E23D8C00BEA8EA /* Base */ = {isa = PBXFileReference; lastKnownFileType = file.storyboard; name = Base; path = Base.lproj/LaunchScreen.storyboard; sourceTree = "<group>"; };
		92C11EAB20E23D8C00BEA8EA /* Info.plist */ = {isa = PBXFileReference; lastKnownFileType = text.plist.xml; path = Info.plist; sourceTree = "<group>"; };
		92C11EBB20E23D8C00BEA8EA /* ExampleUITests.xctest */ = {isa = PBXFileReference; explicitFileType = wrapper.cfbundle; includeInIndex = 0; path = ExampleUITests.xctest; sourceTree = BUILT_PRODUCTS_DIR; };
		92C11EBF20E23D8C00BEA8EA /* AlertControllerUITests.swift */ = {isa = PBXFileReference; lastKnownFileType = sourcecode.swift; path = AlertControllerUITests.swift; sourceTree = "<group>"; };
		92C11EC120E23D8C00BEA8EA /* Info.plist */ = {isa = PBXFileReference; lastKnownFileType = text.plist.xml; path = Info.plist; sourceTree = "<group>"; };
/* End PBXFileReference section */

/* Begin PBXFrameworksBuildPhase section */
		92C11E9920E23D8900BEA8EA /* Frameworks */ = {
			isa = PBXFrameworksBuildPhase;
			buildActionMask = 2147483647;
			files = (
				922EBFE120E3478900682985 /* CatAlertController.framework in Frameworks */,
			);
			runOnlyForDeploymentPostprocessing = 0;
		};
		92C11EB820E23D8C00BEA8EA /* Frameworks */ = {
			isa = PBXFrameworksBuildPhase;
			buildActionMask = 2147483647;
			files = (
			);
			runOnlyForDeploymentPostprocessing = 0;
		};
/* End PBXFrameworksBuildPhase section */

/* Begin PBXGroup section */
		92C11E9320E23D8900BEA8EA = {
			isa = PBXGroup;
			children = (
				92C11E9E20E23D8900BEA8EA /* Example */,
				92C11F0620E2468F00BEA8EA /* Frameworks */,
				92C11EBE20E23D8C00BEA8EA /* ExampleUITests */,
				92C11E9D20E23D8900BEA8EA /* Products */,
			);
			sourceTree = "<group>";
		};
		92C11E9D20E23D8900BEA8EA /* Products */ = {
			isa = PBXGroup;
			children = (
				92C11E9C20E23D8900BEA8EA /* Example.app */,
				92C11EBB20E23D8C00BEA8EA /* ExampleUITests.xctest */,
			);
			name = Products;
			sourceTree = "<group>";
		};
		92C11E9E20E23D8900BEA8EA /* Example */ = {
			isa = PBXGroup;
			children = (
				92C11E9F20E23D8900BEA8EA /* AppDelegate.swift */,
				92C11EA120E23D8900BEA8EA /* ViewController.swift */,
				92C11EA320E23D8900BEA8EA /* Main.storyboard */,
				92C11EA620E23D8C00BEA8EA /* Assets.xcassets */,
				92C11EA820E23D8C00BEA8EA /* LaunchScreen.storyboard */,
				92C11EAB20E23D8C00BEA8EA /* Info.plist */,
			);
			path = Example;
			sourceTree = "<group>";
		};
		92C11EBE20E23D8C00BEA8EA /* ExampleUITests */ = {
			isa = PBXGroup;
			children = (
				92C11EBF20E23D8C00BEA8EA /* AlertControllerUITests.swift */,
				92C11EC120E23D8C00BEA8EA /* Info.plist */,
			);
			path = ExampleUITests;
			sourceTree = "<group>";
		};
		92C11F0620E2468F00BEA8EA /* Frameworks */ = {
			isa = PBXGroup;
			children = (
				922EBFE020E3478300682985 /* CatAlertController.framework */,
			);
			path = Frameworks;
			sourceTree = "<group>";
		};
/* End PBXGroup section */

/* Begin PBXNativeTarget section */
		92C11E9B20E23D8900BEA8EA /* Example */ = {
			isa = PBXNativeTarget;
			buildConfigurationList = 92C11EC420E23D8C00BEA8EA /* Build configuration list for PBXNativeTarget "Example" */;
			buildPhases = (
				92C11E9820E23D8900BEA8EA /* Sources */,
				92C11E9920E23D8900BEA8EA /* Frameworks */,
				92C11E9A20E23D8900BEA8EA /* Resources */,
				92C11F0A20E246AB00BEA8EA /* Embed Frameworks */,
			);
			buildRules = (
			);
			dependencies = (
			);
			name = Example;
			productName = AlertController;
			productReference = 92C11E9C20E23D8900BEA8EA /* Example.app */;
			productType = "com.apple.product-type.application";
		};
		92C11EBA20E23D8C00BEA8EA /* ExampleUITests */ = {
			isa = PBXNativeTarget;
			buildConfigurationList = 92C11ECA20E23D8C00BEA8EA /* Build configuration list for PBXNativeTarget "ExampleUITests" */;
			buildPhases = (
				92C11EB720E23D8C00BEA8EA /* Sources */,
				92C11EB820E23D8C00BEA8EA /* Frameworks */,
				92C11EB920E23D8C00BEA8EA /* Resources */,
			);
			buildRules = (
			);
			dependencies = (
				92C11EBD20E23D8C00BEA8EA /* PBXTargetDependency */,
			);
			name = ExampleUITests;
			productName = AlertControllerUITests;
			productReference = 92C11EBB20E23D8C00BEA8EA /* ExampleUITests.xctest */;
			productType = "com.apple.product-type.bundle.ui-testing";
		};
/* End PBXNativeTarget section */

/* Begin PBXProject section */
		92C11E9420E23D8900BEA8EA /* Project object */ = {
			isa = PBXProject;
			attributes = {
				LastSwiftUpdateCheck = 0940;
				LastUpgradeCheck = 0940;
				ORGANIZATIONNAME = ImKcat;
				TargetAttributes = {
					92C11E9B20E23D8900BEA8EA = {
						CreatedOnToolsVersion = 9.4.1;
					};
					92C11EBA20E23D8C00BEA8EA = {
						CreatedOnToolsVersion = 9.4.1;
						TestTargetID = 92C11E9B20E23D8900BEA8EA;
					};
				};
			};
			buildConfigurationList = 92C11E9720E23D8900BEA8EA /* Build configuration list for PBXProject "Example" */;
			compatibilityVersion = "Xcode 9.3";
			developmentRegion = en;
			hasScannedForEncodings = 0;
			knownRegions = (
				en,
				Base,
			);
			mainGroup = 92C11E9320E23D8900BEA8EA;
			productRefGroup = 92C11E9D20E23D8900BEA8EA /* Products */;
			projectDirPath = "";
			projectRoot = "";
			targets = (
				92C11E9B20E23D8900BEA8EA /* Example */,
				92C11EBA20E23D8C00BEA8EA /* ExampleUITests */,
			);
		};
/* End PBXProject section */

/* Begin PBXResourcesBuildPhase section */
		92C11E9A20E23D8900BEA8EA /* Resources */ = {
			isa = PBXResourcesBuildPhase;
			buildActionMask = 2147483647;
			files = (
				92C11EAA20E23D8C00BEA8EA /* LaunchScreen.storyboard in Resources */,
				92C11EA720E23D8C00BEA8EA /* Assets.xcassets in Resources */,
				92C11EA520E23D8900BEA8EA /* Main.storyboard in Resources */,
			);
			runOnlyForDeploymentPostprocessing = 0;
		};
		92C11EB920E23D8C00BEA8EA /* Resources */ = {
			isa = PBXResourcesBuildPhase;
			buildActionMask = 2147483647;
			files = (
			);
			runOnlyForDeploymentPostprocessing = 0;
		};
/* End PBXResourcesBuildPhase section */

/* Begin PBXSourcesBuildPhase section */
		92C11E9820E23D8900BEA8EA /* Sources */ = {
			isa = PBXSourcesBuildPhase;
			buildActionMask = 2147483647;
			files = (
				92C11EA220E23D8900BEA8EA /* ViewController.swift in Sources */,
				92C11EA020E23D8900BEA8EA /* AppDelegate.swift in Sources */,
			);
			runOnlyForDeploymentPostprocessing = 0;
		};
		92C11EB720E23D8C00BEA8EA /* Sources */ = {
			isa = PBXSourcesBuildPhase;
			buildActionMask = 2147483647;
			files = (
				92C11EC020E23D8C00BEA8EA /* AlertControllerUITests.swift in Sources */,
			);
			runOnlyForDeploymentPostprocessing = 0;
		};
/* End PBXSourcesBuildPhase section */

/* Begin PBXTargetDependency section */
		92C11EBD20E23D8C00BEA8EA /* PBXTargetDependency */ = {
			isa = PBXTargetDependency;
			target = 92C11E9B20E23D8900BEA8EA /* Example */;
			targetProxy = 92C11EBC20E23D8C00BEA8EA /* PBXContainerItemProxy */;
		};
/* End PBXTargetDependency section */

/* Begin PBXVariantGroup section */
		92C11EA320E23D8900BEA8EA /* Main.storyboard */ = {
			isa = PBXVariantGroup;
			children = (
				92C11EA420E23D8900BEA8EA /* Base */,
			);
			name = Main.storyboard;
			sourceTree = "<group>";
		};
		92C11EA820E23D8C00BEA8EA /* LaunchScreen.storyboard */ = {
			isa = PBXVariantGroup;
			children = (
				92C11EA920E23D8C00BEA8EA /* Base */,
			);
			name = LaunchScreen.storyboard;
			sourceTree = "<group>";
		};
/* End PBXVariantGroup section */

/* Begin XCBuildConfiguration section */
		92C11EC220E23D8C00BEA8EA /* Debug */ = {
			isa = XCBuildConfiguration;
			buildSettings = {
				ALWAYS_SEARCH_USER_PATHS = NO;
				CLANG_ANALYZER_NONNULL = YES;
				CLANG_ANALYZER_NUMBER_OBJECT_CONVERSION = YES_AGGRESSIVE;
				CLANG_CXX_LANGUAGE_STANDARD = "gnu++14";
				CLANG_CXX_LIBRARY = "libc++";
				CLANG_ENABLE_MODULES = YES;
				CLANG_ENABLE_OBJC_ARC = YES;
				CLANG_ENABLE_OBJC_WEAK = YES;
				CLANG_WARN_BLOCK_CAPTURE_AUTORELEASING = YES;
				CLANG_WARN_BOOL_CONVERSION = YES;
				CLANG_WARN_COMMA = YES;
				CLANG_WARN_CONSTANT_CONVERSION = YES;
				CLANG_WARN_DEPRECATED_OBJC_IMPLEMENTATIONS = YES;
				CLANG_WARN_DIRECT_OBJC_ISA_USAGE = YES_ERROR;
				CLANG_WARN_DOCUMENTATION_COMMENTS = YES;
				CLANG_WARN_EMPTY_BODY = YES;
				CLANG_WARN_ENUM_CONVERSION = YES;
				CLANG_WARN_INFINITE_RECURSION = YES;
				CLANG_WARN_INT_CONVERSION = YES;
				CLANG_WARN_NON_LITERAL_NULL_CONVERSION = YES;
				CLANG_WARN_OBJC_IMPLICIT_RETAIN_SELF = YES;
				CLANG_WARN_OBJC_LITERAL_CONVERSION = YES;
				CLANG_WARN_OBJC_ROOT_CLASS = YES_ERROR;
				CLANG_WARN_RANGE_LOOP_ANALYSIS = YES;
				CLANG_WARN_STRICT_PROTOTYPES = YES;
				CLANG_WARN_SUSPICIOUS_MOVE = YES;
				CLANG_WARN_UNGUARDED_AVAILABILITY = YES_AGGRESSIVE;
				CLANG_WARN_UNREACHABLE_CODE = YES;
				CLANG_WARN__DUPLICATE_METHOD_MATCH = YES;
				CODE_SIGN_IDENTITY = "iPhone Developer";
				COPY_PHASE_STRIP = NO;
				DEBUG_INFORMATION_FORMAT = dwarf;
				ENABLE_STRICT_OBJC_MSGSEND = YES;
				ENABLE_TESTABILITY = YES;
				GCC_C_LANGUAGE_STANDARD = gnu11;
				GCC_DYNAMIC_NO_PIC = NO;
				GCC_NO_COMMON_BLOCKS = YES;
				GCC_OPTIMIZATION_LEVEL = 0;
				GCC_PREPROCESSOR_DEFINITIONS = (
					"DEBUG=1",
					"$(inherited)",
				);
				GCC_WARN_64_TO_32_BIT_CONVERSION = YES;
				GCC_WARN_ABOUT_RETURN_TYPE = YES_ERROR;
				GCC_WARN_UNDECLARED_SELECTOR = YES;
				GCC_WARN_UNINITIALIZED_AUTOS = YES_AGGRESSIVE;
				GCC_WARN_UNUSED_FUNCTION = YES;
				GCC_WARN_UNUSED_VARIABLE = YES;
				IPHONEOS_DEPLOYMENT_TARGET = 11.4;
				MTL_ENABLE_DEBUG_INFO = YES;
				ONLY_ACTIVE_ARCH = YES;
				SDKROOT = iphoneos;
				SWIFT_ACTIVE_COMPILATION_CONDITIONS = DEBUG;
				SWIFT_OPTIMIZATION_LEVEL = "-Onone";
			};
			name = Debug;
		};
		92C11EC320E23D8C00BEA8EA /* Release */ = {
			isa = XCBuildConfiguration;
			buildSettings = {
				ALWAYS_SEARCH_USER_PATHS = NO;
				CLANG_ANALYZER_NONNULL = YES;
				CLANG_ANALYZER_NUMBER_OBJECT_CONVERSION = YES_AGGRESSIVE;
				CLANG_CXX_LANGUAGE_STANDARD = "gnu++14";
				CLANG_CXX_LIBRARY = "libc++";
				CLANG_ENABLE_MODULES = YES;
				CLANG_ENABLE_OBJC_ARC = YES;
				CLANG_ENABLE_OBJC_WEAK = YES;
				CLANG_WARN_BLOCK_CAPTURE_AUTORELEASING = YES;
				CLANG_WARN_BOOL_CONVERSION = YES;
				CLANG_WARN_COMMA = YES;
				CLANG_WARN_CONSTANT_CONVERSION = YES;
				CLANG_WARN_DEPRECATED_OBJC_IMPLEMENTATIONS = YES;
				CLANG_WARN_DIRECT_OBJC_ISA_USAGE = YES_ERROR;
				CLANG_WARN_DOCUMENTATION_COMMENTS = YES;
				CLANG_WARN_EMPTY_BODY = YES;
				CLANG_WARN_ENUM_CONVERSION = YES;
				CLANG_WARN_INFINITE_RECURSION = YES;
				CLANG_WARN_INT_CONVERSION = YES;
				CLANG_WARN_NON_LITERAL_NULL_CONVERSION = YES;
				CLANG_WARN_OBJC_IMPLICIT_RETAIN_SELF = YES;
				CLANG_WARN_OBJC_LITERAL_CONVERSION = YES;
				CLANG_WARN_OBJC_ROOT_CLASS = YES_ERROR;
				CLANG_WARN_RANGE_LOOP_ANALYSIS = YES;
				CLANG_WARN_STRICT_PROTOTYPES = YES;
				CLANG_WARN_SUSPICIOUS_MOVE = YES;
				CLANG_WARN_UNGUARDED_AVAILABILITY = YES_AGGRESSIVE;
				CLANG_WARN_UNREACHABLE_CODE = YES;
				CLANG_WARN__DUPLICATE_METHOD_MATCH = YES;
				CODE_SIGN_IDENTITY = "iPhone Developer";
				COPY_PHASE_STRIP = NO;
				DEBUG_INFORMATION_FORMAT = "dwarf-with-dsym";
				ENABLE_NS_ASSERTIONS = NO;
				ENABLE_STRICT_OBJC_MSGSEND = YES;
				GCC_C_LANGUAGE_STANDARD = gnu11;
				GCC_NO_COMMON_BLOCKS = YES;
				GCC_WARN_64_TO_32_BIT_CONVERSION = YES;
				GCC_WARN_ABOUT_RETURN_TYPE = YES_ERROR;
				GCC_WARN_UNDECLARED_SELECTOR = YES;
				GCC_WARN_UNINITIALIZED_AUTOS = YES_AGGRESSIVE;
				GCC_WARN_UNUSED_FUNCTION = YES;
				GCC_WARN_UNUSED_VARIABLE = YES;
				IPHONEOS_DEPLOYMENT_TARGET = 11.4;
				MTL_ENABLE_DEBUG_INFO = NO;
				SDKROOT = iphoneos;
				SWIFT_COMPILATION_MODE = wholemodule;
				SWIFT_OPTIMIZATION_LEVEL = "-O";
				VALIDATE_PRODUCT = YES;
			};
			name = Release;
		};
		92C11EC520E23D8C00BEA8EA /* Debug */ = {
			isa = XCBuildConfiguration;
			buildSettings = {
				ASSETCATALOG_COMPILER_APPICON_NAME = AppIcon;
				CODE_SIGN_STYLE = Automatic;
				INFOPLIST_FILE = "$(SRCROOT)/Example/Info.plist";
				LD_RUNPATH_SEARCH_PATHS = (
					"$(inherited)",
					"@executable_path/Frameworks",
				);
				PRODUCT_BUNDLE_IDENTIFIER = "com.imkcat.CatAlertController-Example";
				PRODUCT_NAME = "$(TARGET_NAME)";
				SWIFT_VERSION = 4.0;
				TARGETED_DEVICE_FAMILY = "1,2";
			};
			name = Debug;
		};
		92C11EC620E23D8C00BEA8EA /* Release */ = {
			isa = XCBuildConfiguration;
			buildSettings = {
				ASSETCATALOG_COMPILER_APPICON_NAME = AppIcon;
				CODE_SIGN_STYLE = Automatic;
				INFOPLIST_FILE = "$(SRCROOT)/Example/Info.plist";
				LD_RUNPATH_SEARCH_PATHS = (
					"$(inherited)",
					"@executable_path/Frameworks",
				);
				PRODUCT_BUNDLE_IDENTIFIER = "com.imkcat.CatAlertController-Example";
				PRODUCT_NAME = "$(TARGET_NAME)";
				SWIFT_VERSION = 4.0;
				TARGETED_DEVICE_FAMILY = "1,2";
			};
			name = Release;
		};
		92C11ECB20E23D8C00BEA8EA /* Debug */ = {
			isa = XCBuildConfiguration;
			buildSettings = {
				ALWAYS_EMBED_SWIFT_STANDARD_LIBRARIES = YES;
				CODE_SIGN_STYLE = Automatic;
				INFOPLIST_FILE = AlertControllerUITests/Info.plist;
				LD_RUNPATH_SEARCH_PATHS = (
					"$(inherited)",
					"@executable_path/Frameworks",
					"@loader_path/Frameworks",
				);
				PRODUCT_BUNDLE_IDENTIFIER = com.imkcat.AlertControllerUITests;
				PRODUCT_NAME = "$(TARGET_NAME)";
				SWIFT_VERSION = 4.0;
				TARGETED_DEVICE_FAMILY = "1,2";
				TEST_TARGET_NAME = AlertController;
			};
			name = Debug;
		};
		92C11ECC20E23D8C00BEA8EA /* Release */ = {
			isa = XCBuildConfiguration;
			buildSettings = {
				ALWAYS_EMBED_SWIFT_STANDARD_LIBRARIES = YES;
				CODE_SIGN_STYLE = Automatic;
				INFOPLIST_FILE = AlertControllerUITests/Info.plist;
				LD_RUNPATH_SEARCH_PATHS = (
					"$(inherited)",
					"@executable_path/Frameworks",
					"@loader_path/Frameworks",
				);
				PRODUCT_BUNDLE_IDENTIFIER = com.imkcat.AlertControllerUITests;
				PRODUCT_NAME = "$(TARGET_NAME)";
				SWIFT_VERSION = 4.0;
				TARGETED_DEVICE_FAMILY = "1,2";
				TEST_TARGET_NAME = AlertController;
			};
			name = Release;
		};
/* End XCBuildConfiguration section */

/* Begin XCConfigurationList section */
		92C11E9720E23D8900BEA8EA /* Build configuration list for PBXProject "Example" */ = {
			isa = XCConfigurationList;
			buildConfigurations = (
				92C11EC220E23D8C00BEA8EA /* Debug */,
				92C11EC320E23D8C00BEA8EA /* Release */,
			);
			defaultConfigurationIsVisible = 0;
			defaultConfigurationName = Release;
		};
		92C11EC420E23D8C00BEA8EA /* Build configuration list for PBXNativeTarget "Example" */ = {
			isa = XCConfigurationList;
			buildConfigurations = (
				92C11EC520E23D8C00BEA8EA /* Debug */,
				92C11EC620E23D8C00BEA8EA /* Release */,
			);
			defaultConfigurationIsVisible = 0;
			defaultConfigurationName = Release;
		};
		92C11ECA20E23D8C00BEA8EA /* Build configuration list for PBXNativeTarget "ExampleUITests" */ = {
			isa = XCConfigurationList;
			buildConfigurations = (
				92C11ECB20E23D8C00BEA8EA /* Debug */,
				92C11ECC20E23D8C00BEA8EA /* Release */,
			);
			defaultConfigurationIsVisible = 0;
			defaultConfigurationName = Release;
		};
/* End XCConfigurationList section */
	};
	rootObject = 92C11E9420E23D8900BEA8EA /* Project object */;
}
